
Microsoft Visual Studio Solution File, Format Version 12.00
# Visual Studio Version 17
VisualStudioVersion = 17.14.36127.28
MinimumVisualStudioVersion = 10.0.40219.1
Project("{FAE04EC0-301F-11D3-BF4B-00C04F79EFBC}") = "SharpHub", "SharpHub.csproj", "{2DCB6AE6-D1F2-4D0D-AAE9-3BFFF127E84D}"
EndProject
Global
	GlobalSection(SolutionConfigurationPlatforms) = preSolution
		Debug|Any CPU = Debug|Any CPU
		Release|Any CPU = Release|Any CPU
	EndGlobalSection
	GlobalSection(ProjectConfigurationPlatforms) = postSolution
		{2DCB6AE6-D1F2-4D0D-AAE9-3BFFF127E84D}.Debug|Any CPU.ActiveCfg = Debug|Any CPU
		{2DCB6AE6-D1F2-4D0D-AAE9-3BFFF127E84D}.Debug|Any CPU.Build.0 = Debug|Any CPU
		{2DCB6AE6-D1F2-4D0D-AAE9-3BFFF127E84D}.Release|Any CPU.ActiveCfg = Release|Any CPU
		{2DCB6AE6-D1F2-4D0D-AAE9-3BFFF127E84D}.Release|Any CPU.Build.0 = Release|Any CPU
	EndGlobalSection
	GlobalSection(SolutionProperties) = preSolution
		HideSolutionNode = FALSE
	EndGlobalSection
	GlobalSection(ExtensibilityGlobals) = postSolution
		SolutionGuid = {09A057C7-AFFE-49D0-BBE3-36EA9A41742F}
	EndGlobalSection
EndGlobal
